
Microsoft Visual Studio Solution File, Format Version 12.00
# Visual Studio Version 16
VisualStudioVersion = 16.0.30204.135
MinimumVisualStudioVersion = 10.0.40219.1
Project("{FAE04EC0-301F-11D3-BF4B-00C04F79EFBC}") = "NotelyRestApi", "NotelyRestApi\NotelyRestApi.csproj", "{D19824AF-F820-4CFE-9707-AA6C2096CADE}"
EndProject
Global
	GlobalSection(SolutionConfigurationPlatforms) = preSolution
		Debug|Any CPU = Debug|Any CPU
		Release|Any CPU = Release|Any CPU
	EndGlobalSection
	GlobalSection(ProjectConfigurationPlatforms) = postSolution
		{D19824AF-F820-4CFE-9707-AA6C2096CADE}.Debug|Any CPU.ActiveCfg = Debug|Any CPU
		{D19824AF-F820-4CFE-9707-AA6C2096CADE}.Debug|Any CPU.Build.0 = Debug|Any CPU
		{D19824AF-F820-4CFE-9707-AA6C2096CADE}.Release|Any CPU.ActiveCfg = Release|Any CPU
		{D19824AF-F820-4CFE-9707-AA6C2096CADE}.Release|Any CPU.Build.0 = Release|Any CPU
	EndGlobalSection
	GlobalSection(SolutionProperties) = preSolution
		HideSolutionNode = FALSE
	EndGlobalSection
	GlobalSection(ExtensibilityGlobals) = postSolution
		SolutionGuid = {9C819882-6A98-4631-84DD-51C0BFEDD3CA}
	EndGlobalSection
EndGlobal
